
Microsoft Visual Studio Solution File, Format Version 12.00
# Visual Studio Version 16
VisualStudioVersion = 16.0.31005.135
MinimumVisualStudioVersion = 10.0.40219.1
Project("{FAE04EC0-301F-11D3-BF4B-00C04F79EFBC}") = "Projeto_Autotech_2", "Projeto_Autotech_2.csproj", "{27F8E4DC-0B22-4A0D-A7BC-5AE6F6FADD07}"
EndProject
Global
	GlobalSection(SolutionConfigurationPlatforms) = preSolution
		Debug|Any CPU = Debug|Any CPU
		Release|Any CPU = Release|Any CPU
	EndGlobalSection
	GlobalSection(ProjectConfigurationPlatforms) = postSolution
		{27F8E4DC-0B22-4A0D-A7BC-5AE6F6FADD07}.Debug|Any CPU.ActiveCfg = Debug|Any CPU
		{27F8E4DC-0B22-4A0D-A7BC-5AE6F6FADD07}.Debug|Any CPU.Build.0 = Debug|Any CPU
		{27F8E4DC-0B22-4A0D-A7BC-5AE6F6FADD07}.Release|Any CPU.ActiveCfg = Release|Any CPU
		{27F8E4DC-0B22-4A0D-A7BC-5AE6F6FADD07}.Release|Any CPU.Build.0 = Release|Any CPU
	EndGlobalSection
	GlobalSection(SolutionProperties) = preSolution
		HideSolutionNode = FALSE
	EndGlobalSection
	GlobalSection(ExtensibilityGlobals) = postSolution
		SolutionGuid = {FBE1E475-DAB1-422E-BED2-9F200D5EDDD7}
	EndGlobalSection
EndGlobal
